
Microsoft Visual Studio Solution File, Format Version 12.00
# Visual Studio 15
VisualStudioVersion = 15.0.26403.3
MinimumVisualStudioVersion = 10.0.40219.1
Project("{2150E333-8FDC-42A3-9474-1A3956D46DE8}") = "src", "src", "{F2196CF4-15EE-4790-8891-277DAF6BE526}"
EndProject
Project("{2150E333-8FDC-42A3-9474-1A3956D46DE8}") = "test", "test", "{F6D6A272-5D62-45E8-9681-74FEB31BEAD1}"
EndProject
Project("{2150E333-8FDC-42A3-9474-1A3956D46DE8}") = "samples", "samples", "{06F8EE55-908F-4FA4-81F7-E0ECE9FBA3AC}"
EndProject
Project("{2150E333-8FDC-42A3-9474-1A3956D46DE8}") = "etc", "etc", "{EA3F2EA3-B5D0-4078-88B0-A538094BA19E}"
	ProjectSection(SolutionItems) = preProject
		etc\CommonAssemblyInfo.cs = etc\CommonAssemblyInfo.cs
	EndProjectSection
EndProject
Project("{2150E333-8FDC-42A3-9474-1A3956D46DE8}") = "Solution Items", "Solution Items", "{7AB59EB5-65D2-4339-B1D6-E21169AF7018}"
EndProject
Project("{9A19103F-16F7-4668-BE54-9A1E7A4F7556}") = "Nancy.Swagger", "src\Nancy.Swagger\Nancy.Swagger.csproj", "{680E2637-8298-4874-8FF4-D6CCAE721667}"
EndProject
Project("{9A19103F-16F7-4668-BE54-9A1E7A4F7556}") = "Swagger.ObjectModel", "src\Swagger.ObjectModel\Swagger.ObjectModel.csproj", "{F39C565D-2A75-4DE5-8918-517085FD22D2}"
EndProject
Project("{9A19103F-16F7-4668-BE54-9A1E7A4F7556}") = "Nancy.Swagger.Annotations", "src\Nancy.Swagger.Annotations\Nancy.Swagger.Annotations.csproj", "{D3ED31C1-8A38-436B-86A9-55F7A8BD1D98}"
EndProject
Project("{9A19103F-16F7-4668-BE54-9A1E7A4F7556}") = "Swagger.ObjectModel.Tests", "test\Swagger.ObjectModel.Tests\Swagger.ObjectModel.Tests.csproj", "{555D9B4B-13C5-48D5-A8BE-21B5DBE17E1E}"
EndProject
Project("{9A19103F-16F7-4668-BE54-9A1E7A4F7556}") = "Nancy.Swagger.Tests", "test\Nancy.Swagger.Tests\Nancy.Swagger.Tests.csproj", "{D73DB66D-01AB-4223-A4A0-7687F544A0F5}"
EndProject
Project("{9A19103F-16F7-4668-BE54-9A1E7A4F7556}") = "Nancy.Swagger.Annotations.Tests", "test\Nancy.Swagger.Annotations.Tests\Nancy.Swagger.Annotations.Tests.csproj", "{41A15D66-32B0-4E0B-B5CD-FCC4DCEECB96}"
EndProject
Project("{9A19103F-16F7-4668-BE54-9A1E7A4F7556}") = "Nancy.Swagger.Demo", "samples\Nancy.Swagger.Demo\Nancy.Swagger.Demo.csproj", "{A0856D27-2EC2-4AA7-B485-6228462A3906}"
EndProject
Project("{9A19103F-16F7-4668-BE54-9A1E7A4F7556}") = "Nancy.Swagger.Annotations.Demo", "samples\Nancy.Swagger.Annotations.Demo\Nancy.Swagger.Annotations.Demo.csproj", "{C5C753F1-1CFD-456D-B51F-85F0D8228F3F}"
EndProject
Project("{9A19103F-16F7-4668-BE54-9A1E7A4F7556}") = "Nancy.Swagger.Autofac.Demo", "samples\Nancy.Swagger.Autofac.Demo\Nancy.Swagger.Autofac.Demo.csproj", "{E8ADAF5D-37A6-4FFB-9F09-CF8FDD4FFA04}"
EndProject
Global
	GlobalSection(SolutionConfigurationPlatforms) = preSolution
		Debug|Any CPU = Debug|Any CPU
		DebugDotNet|Any CPU = DebugDotNet|Any CPU
		DebugNet40|Any CPU = DebugNet40|Any CPU
		DebugNet45|Any CPU = DebugNet45|Any CPU
		DebugNet462|Any CPU = DebugNet462|Any CPU
		Release|Any CPU = Release|Any CPU
		ReleaseDotNet|Any CPU = ReleaseDotNet|Any CPU
		ReleaseNet40|Any CPU = ReleaseNet40|Any CPU
		ReleaseNet45|Any CPU = ReleaseNet45|Any CPU
		ReleaseNet462|Any CPU = ReleaseNet462|Any CPU
	EndGlobalSection
	GlobalSection(ProjectConfigurationPlatforms) = postSolution
		{680E2637-8298-4874-8FF4-D6CCAE721667}.Debug|Any CPU.ActiveCfg = Debug|Any CPU
		{680E2637-8298-4874-8FF4-D6CCAE721667}.Debug|Any CPU.Build.0 = Debug|Any CPU
		{680E2637-8298-4874-8FF4-D6CCAE721667}.DebugDotNet|Any CPU.ActiveCfg = Debug|Any CPU
		{680E2637-8298-4874-8FF4-D6CCAE721667}.DebugDotNet|Any CPU.Build.0 = Debug|Any CPU
		{680E2637-8298-4874-8FF4-D6CCAE721667}.DebugNet40|Any CPU.ActiveCfg = Debug|Any CPU
		{680E2637-8298-4874-8FF4-D6CCAE721667}.DebugNet40|Any CPU.Build.0 = Debug|Any CPU
		{680E2637-8298-4874-8FF4-D6CCAE721667}.DebugNet45|Any CPU.ActiveCfg = Debug|Any CPU
		{680E2637-8298-4874-8FF4-D6CCAE721667}.DebugNet45|Any CPU.Build.0 = Debug|Any CPU
		{680E2637-8298-4874-8FF4-D6CCAE721667}.DebugNet462|Any CPU.ActiveCfg = Debug|Any CPU
		{680E2637-8298-4874-8FF4-D6CCAE721667}.DebugNet462|Any CPU.Build.0 = Debug|Any CPU
		{680E2637-8298-4874-8FF4-D6CCAE721667}.Release|Any CPU.ActiveCfg = Release|Any CPU
		{680E2637-8298-4874-8FF4-D6CCAE721667}.Release|Any CPU.Build.0 = Release|Any CPU
		{680E2637-8298-4874-8FF4-D6CCAE721667}.ReleaseDotNet|Any CPU.ActiveCfg = Release|Any CPU
		{680E2637-8298-4874-8FF4-D6CCAE721667}.ReleaseDotNet|Any CPU.Build.0 = Release|Any CPU
		{680E2637-8298-4874-8FF4-D6CCAE721667}.ReleaseNet40|Any CPU.ActiveCfg = Release|Any CPU
		{680E2637-8298-4874-8FF4-D6CCAE721667}.ReleaseNet40|Any CPU.Build.0 = Release|Any CPU
		{680E2637-8298-4874-8FF4-D6CCAE721667}.ReleaseNet45|Any CPU.ActiveCfg = Release|Any CPU
		{680E2637-8298-4874-8FF4-D6CCAE721667}.ReleaseNet45|Any CPU.Build.0 = Release|Any CPU
		{680E2637-8298-4874-8FF4-D6CCAE721667}.ReleaseNet462|Any CPU.ActiveCfg = Release|Any CPU
		{680E2637-8298-4874-8FF4-D6CCAE721667}.ReleaseNet462|Any CPU.Build.0 = Release|Any CPU
		{F39C565D-2A75-4DE5-8918-517085FD22D2}.Debug|Any CPU.ActiveCfg = Debug|Any CPU
		{F39C565D-2A75-4DE5-8918-517085FD22D2}.Debug|Any CPU.Build.0 = Debug|Any CPU
		{F39C565D-2A75-4DE5-8918-517085FD22D2}.DebugDotNet|Any CPU.ActiveCfg = Debug|Any CPU
		{F39C565D-2A75-4DE5-8918-517085FD22D2}.DebugDotNet|Any CPU.Build.0 = Debug|Any CPU
		{F39C565D-2A75-4DE5-8918-517085FD22D2}.DebugNet40|Any CPU.ActiveCfg = Debug|Any CPU
		{F39C565D-2A75-4DE5-8918-517085FD22D2}.DebugNet40|Any CPU.Build.0 = Debug|Any CPU
		{F39C565D-2A75-4DE5-8918-517085FD22D2}.DebugNet45|Any CPU.ActiveCfg = Debug|Any CPU
		{F39C565D-2A75-4DE5-8918-517085FD22D2}.DebugNet45|Any CPU.Build.0 = Debug|Any CPU
		{F39C565D-2A75-4DE5-8918-517085FD22D2}.DebugNet462|Any CPU.ActiveCfg = Debug|Any CPU
		{F39C565D-2A75-4DE5-8918-517085FD22D2}.DebugNet462|Any CPU.Build.0 = Debug|Any CPU
		{F39C565D-2A75-4DE5-8918-517085FD22D2}.Release|Any CPU.ActiveCfg = Release|Any CPU
		{F39C565D-2A75-4DE5-8918-517085FD22D2}.Release|Any CPU.Build.0 = Release|Any CPU
		{F39C565D-2A75-4DE5-8918-517085FD22D2}.ReleaseDotNet|Any CPU.ActiveCfg = Release|Any CPU
		{F39C565D-2A75-4DE5-8918-517085FD22D2}.ReleaseDotNet|Any CPU.Build.0 = Release|Any CPU
		{F39C565D-2A75-4DE5-8918-517085FD22D2}.ReleaseNet40|Any CPU.ActiveCfg = Release|Any CPU
		{F39C565D-2A75-4DE5-8918-517085FD22D2}.ReleaseNet40|Any CPU.Build.0 = Release|Any CPU
		{F39C565D-2A75-4DE5-8918-517085FD22D2}.ReleaseNet45|Any CPU.ActiveCfg = Release|Any CPU
		{F39C565D-2A75-4DE5-8918-517085FD22D2}.ReleaseNet45|Any CPU.Build.0 = Release|Any CPU
		{F39C565D-2A75-4DE5-8918-517085FD22D2}.ReleaseNet462|Any CPU.ActiveCfg = Release|Any CPU
		{F39C565D-2A75-4DE5-8918-517085FD22D2}.ReleaseNet462|Any CPU.Build.0 = Release|Any CPU
		{D3ED31C1-8A38-436B-86A9-55F7A8BD1D98}.Debug|Any CPU.ActiveCfg = Debug|Any CPU
		{D3ED31C1-8A38-436B-86A9-55F7A8BD1D98}.Debug|Any CPU.Build.0 = Debug|Any CPU
		{D3ED31C1-8A38-436B-86A9-55F7A8BD1D98}.DebugDotNet|Any CPU.ActiveCfg = Debug|Any CPU
		{D3ED31C1-8A38-436B-86A9-55F7A8BD1D98}.DebugDotNet|Any CPU.Build.0 = Debug|Any CPU
		{D3ED31C1-8A38-436B-86A9-55F7A8BD1D98}.DebugNet40|Any CPU.ActiveCfg = Debug|Any CPU
		{D3ED31C1-8A38-436B-86A9-55F7A8BD1D98}.DebugNet40|Any CPU.Build.0 = Debug|Any CPU
		{D3ED31C1-8A38-436B-86A9-55F7A8BD1D98}.DebugNet45|Any CPU.ActiveCfg = Debug|Any CPU
		{D3ED31C1-8A38-436B-86A9-55F7A8BD1D98}.DebugNet45|Any CPU.Build.0 = Debug|Any CPU
		{D3ED31C1-8A38-436B-86A9-55F7A8BD1D98}.DebugNet462|Any CPU.ActiveCfg = Debug|Any CPU
		{D3ED31C1-8A38-436B-86A9-55F7A8BD1D98}.DebugNet462|Any CPU.Build.0 = Debug|Any CPU
		{D3ED31C1-8A38-436B-86A9-55F7A8BD1D98}.Release|Any CPU.ActiveCfg = Release|Any CPU
		{D3ED31C1-8A38-436B-86A9-55F7A8BD1D98}.Release|Any CPU.Build.0 = Release|Any CPU
		{D3ED31C1-8A38-436B-86A9-55F7A8BD1D98}.ReleaseDotNet|Any CPU.ActiveCfg = Release|Any CPU
		{D3ED31C1-8A38-436B-86A9-55F7A8BD1D98}.ReleaseDotNet|Any CPU.Build.0 = Release|Any CPU
		{D3ED31C1-8A38-436B-86A9-55F7A8BD1D98}.ReleaseNet40|Any CPU.ActiveCfg = Release|Any CPU
		{D3ED31C1-8A38-436B-86A9-55F7A8BD1D98}.ReleaseNet40|Any CPU.Build.0 = Release|Any CPU
		{D3ED31C1-8A38-436B-86A9-55F7A8BD1D98}.ReleaseNet45|Any CPU.ActiveCfg = Release|Any CPU
		{D3ED31C1-8A38-436B-86A9-55F7A8BD1D98}.ReleaseNet45|Any CPU.Build.0 = Release|Any CPU
		{D3ED31C1-8A38-436B-86A9-55F7A8BD1D98}.ReleaseNet462|Any CPU.ActiveCfg = Release|Any CPU
		{D3ED31C1-8A38-436B-86A9-55F7A8BD1D98}.ReleaseNet462|Any CPU.Build.0 = Release|Any CPU
		{555D9B4B-13C5-48D5-A8BE-21B5DBE17E1E}.Debug|Any CPU.ActiveCfg = Debug|Any CPU
		{555D9B4B-13C5-48D5-A8BE-21B5DBE17E1E}.Debug|Any CPU.Build.0 = Debug|Any CPU
		{555D9B4B-13C5-48D5-A8BE-21B5DBE17E1E}.DebugDotNet|Any CPU.ActiveCfg = Debug|Any CPU
		{555D9B4B-13C5-48D5-A8BE-21B5DBE17E1E}.DebugDotNet|Any CPU.Build.0 = Debug|Any CPU
		{555D9B4B-13C5-48D5-A8BE-21B5DBE17E1E}.DebugNet40|Any CPU.ActiveCfg = Debug|Any CPU
		{555D9B4B-13C5-48D5-A8BE-21B5DBE17E1E}.DebugNet40|Any CPU.Build.0 = Debug|Any CPU
		{555D9B4B-13C5-48D5-A8BE-21B5DBE17E1E}.DebugNet45|Any CPU.ActiveCfg = Debug|Any CPU
		{555D9B4B-13C5-48D5-A8BE-21B5DBE17E1E}.DebugNet45|Any CPU.Build.0 = Debug|Any CPU
		{555D9B4B-13C5-48D5-A8BE-21B5DBE17E1E}.DebugNet462|Any CPU.ActiveCfg = Debug|Any CPU
		{555D9B4B-13C5-48D5-A8BE-21B5DBE17E1E}.DebugNet462|Any CPU.Build.0 = Debug|Any CPU
		{555D9B4B-13C5-48D5-A8BE-21B5DBE17E1E}.Release|Any CPU.ActiveCfg = Release|Any CPU
		{555D9B4B-13C5-48D5-A8BE-21B5DBE17E1E}.Release|Any CPU.Build.0 = Release|Any CPU
		{555D9B4B-13C5-48D5-A8BE-21B5DBE17E1E}.ReleaseDotNet|Any CPU.ActiveCfg = Release|Any CPU
		{555D9B4B-13C5-48D5-A8BE-21B5DBE17E1E}.ReleaseDotNet|Any CPU.Build.0 = Release|Any CPU
		{555D9B4B-13C5-48D5-A8BE-21B5DBE17E1E}.ReleaseNet40|Any CPU.ActiveCfg = Release|Any CPU
		{555D9B4B-13C5-48D5-A8BE-21B5DBE17E1E}.ReleaseNet40|Any CPU.Build.0 = Release|Any CPU
		{555D9B4B-13C5-48D5-A8BE-21B5DBE17E1E}.ReleaseNet45|Any CPU.ActiveCfg = Release|Any CPU
		{555D9B4B-13C5-48D5-A8BE-21B5DBE17E1E}.ReleaseNet45|Any CPU.Build.0 = Release|Any CPU
		{555D9B4B-13C5-48D5-A8BE-21B5DBE17E1E}.ReleaseNet462|Any CPU.ActiveCfg = Release|Any CPU
		{555D9B4B-13C5-48D5-A8BE-21B5DBE17E1E}.ReleaseNet462|Any CPU.Build.0 = Release|Any CPU
		{D73DB66D-01AB-4223-A4A0-7687F544A0F5}.Debug|Any CPU.ActiveCfg = Debug|Any CPU
		{D73DB66D-01AB-4223-A4A0-7687F544A0F5}.Debug|Any CPU.Build.0 = Debug|Any CPU
		{D73DB66D-01AB-4223-A4A0-7687F544A0F5}.DebugDotNet|Any CPU.ActiveCfg = Debug|Any CPU
		{D73DB66D-01AB-4223-A4A0-7687F544A0F5}.DebugDotNet|Any CPU.Build.0 = Debug|Any CPU
		{D73DB66D-01AB-4223-A4A0-7687F544A0F5}.DebugNet40|Any CPU.ActiveCfg = Debug|Any CPU
		{D73DB66D-01AB-4223-A4A0-7687F544A0F5}.DebugNet40|Any CPU.Build.0 = Debug|Any CPU
		{D73DB66D-01AB-4223-A4A0-7687F544A0F5}.DebugNet45|Any CPU.ActiveCfg = Debug|Any CPU
		{D73DB66D-01AB-4223-A4A0-7687F544A0F5}.DebugNet45|Any CPU.Build.0 = Debug|Any CPU
		{D73DB66D-01AB-4223-A4A0-7687F544A0F5}.DebugNet462|Any CPU.ActiveCfg = Debug|Any CPU
		{D73DB66D-01AB-4223-A4A0-7687F544A0F5}.DebugNet462|Any CPU.Build.0 = Debug|Any CPU
		{D73DB66D-01AB-4223-A4A0-7687F544A0F5}.Release|Any CPU.ActiveCfg = Release|Any CPU
		{D73DB66D-01AB-4223-A4A0-7687F544A0F5}.Release|Any CPU.Build.0 = Release|Any CPU
		{D73DB66D-01AB-4223-A4A0-7687F544A0F5}.ReleaseDotNet|Any CPU.ActiveCfg = Release|Any CPU
		{D73DB66D-01AB-4223-A4A0-7687F544A0F5}.ReleaseDotNet|Any CPU.Build.0 = Release|Any CPU
		{D73DB66D-01AB-4223-A4A0-7687F544A0F5}.ReleaseNet40|Any CPU.ActiveCfg = Release|Any CPU
		{D73DB66D-01AB-4223-A4A0-7687F544A0F5}.ReleaseNet40|Any CPU.Build.0 = Release|Any CPU
		{D73DB66D-01AB-4223-A4A0-7687F544A0F5}.ReleaseNet45|Any CPU.ActiveCfg = Release|Any CPU
		{D73DB66D-01AB-4223-A4A0-7687F544A0F5}.ReleaseNet45|Any CPU.Build.0 = Release|Any CPU
		{D73DB66D-01AB-4223-A4A0-7687F544A0F5}.ReleaseNet462|Any CPU.ActiveCfg = Release|Any CPU
		{D73DB66D-01AB-4223-A4A0-7687F544A0F5}.ReleaseNet462|Any CPU.Build.0 = Release|Any CPU
		{41A15D66-32B0-4E0B-B5CD-FCC4DCEECB96}.Debug|Any CPU.ActiveCfg = Debug|Any CPU
		{41A15D66-32B0-4E0B-B5CD-FCC4DCEECB96}.Debug|Any CPU.Build.0 = Debug|Any CPU
		{41A15D66-32B0-4E0B-B5CD-FCC4DCEECB96}.DebugDotNet|Any CPU.ActiveCfg = Debug|Any CPU
		{41A15D66-32B0-4E0B-B5CD-FCC4DCEECB96}.DebugDotNet|Any CPU.Build.0 = Debug|Any CPU
		{41A15D66-32B0-4E0B-B5CD-FCC4DCEECB96}.DebugNet40|Any CPU.ActiveCfg = Debug|Any CPU
		{41A15D66-32B0-4E0B-B5CD-FCC4DCEECB96}.DebugNet40|Any CPU.Build.0 = Debug|Any CPU
		{41A15D66-32B0-4E0B-B5CD-FCC4DCEECB96}.DebugNet45|Any CPU.ActiveCfg = Debug|Any CPU
		{41A15D66-32B0-4E0B-B5CD-FCC4DCEECB96}.DebugNet45|Any CPU.Build.0 = Debug|Any CPU
		{41A15D66-32B0-4E0B-B5CD-FCC4DCEECB96}.DebugNet462|Any CPU.ActiveCfg = Debug|Any CPU
		{41A15D66-32B0-4E0B-B5CD-FCC4DCEECB96}.DebugNet462|Any CPU.Build.0 = Debug|Any CPU
		{41A15D66-32B0-4E0B-B5CD-FCC4DCEECB96}.Release|Any CPU.ActiveCfg = Release|Any CPU
		{41A15D66-32B0-4E0B-B5CD-FCC4DCEECB96}.Release|Any CPU.Build.0 = Release|Any CPU
		{41A15D66-32B0-4E0B-B5CD-FCC4DCEECB96}.ReleaseDotNet|Any CPU.ActiveCfg = Release|Any CPU
		{41A15D66-32B0-4E0B-B5CD-FCC4DCEECB96}.ReleaseDotNet|Any CPU.Build.0 = Release|Any CPU
		{41A15D66-32B0-4E0B-B5CD-FCC4DCEECB96}.ReleaseNet40|Any CPU.ActiveCfg = Release|Any CPU
		{41A15D66-32B0-4E0B-B5CD-FCC4DCEECB96}.ReleaseNet40|Any CPU.Build.0 = Release|Any CPU
		{41A15D66-32B0-4E0B-B5CD-FCC4DCEECB96}.ReleaseNet45|Any CPU.ActiveCfg = Release|Any CPU
		{41A15D66-32B0-4E0B-B5CD-FCC4DCEECB96}.ReleaseNet45|Any CPU.Build.0 = Release|Any CPU
		{41A15D66-32B0-4E0B-B5CD-FCC4DCEECB96}.ReleaseNet462|Any CPU.ActiveCfg = Release|Any CPU
		{41A15D66-32B0-4E0B-B5CD-FCC4DCEECB96}.ReleaseNet462|Any CPU.Build.0 = Release|Any CPU
		{A0856D27-2EC2-4AA7-B485-6228462A3906}.Debug|Any CPU.ActiveCfg = Debug|Any CPU
		{A0856D27-2EC2-4AA7-B485-6228462A3906}.Debug|Any CPU.Build.0 = Debug|Any CPU
		{A0856D27-2EC2-4AA7-B485-6228462A3906}.DebugDotNet|Any CPU.ActiveCfg = Debug|Any CPU
		{A0856D27-2EC2-4AA7-B485-6228462A3906}.DebugDotNet|Any CPU.Build.0 = Debug|Any CPU
		{A0856D27-2EC2-4AA7-B485-6228462A3906}.DebugNet40|Any CPU.ActiveCfg = Debug|Any CPU
		{A0856D27-2EC2-4AA7-B485-6228462A3906}.DebugNet40|Any CPU.Build.0 = Debug|Any CPU
		{A0856D27-2EC2-4AA7-B485-6228462A3906}.DebugNet45|Any CPU.ActiveCfg = Debug|Any CPU
		{A0856D27-2EC2-4AA7-B485-6228462A3906}.DebugNet45|Any CPU.Build.0 = Debug|Any CPU
		{A0856D27-2EC2-4AA7-B485-6228462A3906}.DebugNet462|Any CPU.ActiveCfg = Debug|Any CPU
		{A0856D27-2EC2-4AA7-B485-6228462A3906}.DebugNet462|Any CPU.Build.0 = Debug|Any CPU
		{A0856D27-2EC2-4AA7-B485-6228462A3906}.Release|Any CPU.ActiveCfg = Release|Any CPU
		{A0856D27-2EC2-4AA7-B485-6228462A3906}.Release|Any CPU.Build.0 = Release|Any CPU
		{A0856D27-2EC2-4AA7-B485-6228462A3906}.ReleaseDotNet|Any CPU.ActiveCfg = Release|Any CPU
		{A0856D27-2EC2-4AA7-B485-6228462A3906}.ReleaseDotNet|Any CPU.Build.0 = Release|Any CPU
		{A0856D27-2EC2-4AA7-B485-6228462A3906}.ReleaseNet40|Any CPU.ActiveCfg = Release|Any CPU
		{A0856D27-2EC2-4AA7-B485-6228462A3906}.ReleaseNet40|Any CPU.Build.0 = Release|Any CPU
		{A0856D27-2EC2-4AA7-B485-6228462A3906}.ReleaseNet45|Any CPU.ActiveCfg = Release|Any CPU
		{A0856D27-2EC2-4AA7-B485-6228462A3906}.ReleaseNet45|Any CPU.Build.0 = Release|Any CPU
		{A0856D27-2EC2-4AA7-B485-6228462A3906}.ReleaseNet462|Any CPU.ActiveCfg = Release|Any CPU
		{A0856D27-2EC2-4AA7-B485-6228462A3906}.ReleaseNet462|Any CPU.Build.0 = Release|Any CPU
		{C5C753F1-1CFD-456D-B51F-85F0D8228F3F}.Debug|Any CPU.ActiveCfg = Debug|Any CPU
		{C5C753F1-1CFD-456D-B51F-85F0D8228F3F}.Debug|Any CPU.Build.0 = Debug|Any CPU
		{C5C753F1-1CFD-456D-B51F-85F0D8228F3F}.DebugDotNet|Any CPU.ActiveCfg = Debug|Any CPU
		{C5C753F1-1CFD-456D-B51F-85F0D8228F3F}.DebugDotNet|Any CPU.Build.0 = Debug|Any CPU
		{C5C753F1-1CFD-456D-B51F-85F0D8228F3F}.DebugNet40|Any CPU.ActiveCfg = Debug|Any CPU
		{C5C753F1-1CFD-456D-B51F-85F0D8228F3F}.DebugNet40|Any CPU.Build.0 = Debug|Any CPU
		{C5C753F1-1CFD-456D-B51F-85F0D8228F3F}.DebugNet45|Any CPU.ActiveCfg = Debug|Any CPU
		{C5C753F1-1CFD-456D-B51F-85F0D8228F3F}.DebugNet45|Any CPU.Build.0 = Debug|Any CPU
		{C5C753F1-1CFD-456D-B51F-85F0D8228F3F}.DebugNet462|Any CPU.ActiveCfg = Debug|Any CPU
		{C5C753F1-1CFD-456D-B51F-85F0D8228F3F}.DebugNet462|Any CPU.Build.0 = Debug|Any CPU
		{C5C753F1-1CFD-456D-B51F-85F0D8228F3F}.Release|Any CPU.ActiveCfg = Release|Any CPU
		{C5C753F1-1CFD-456D-B51F-85F0D8228F3F}.Release|Any CPU.Build.0 = Release|Any CPU
		{C5C753F1-1CFD-456D-B51F-85F0D8228F3F}.ReleaseDotNet|Any CPU.ActiveCfg = Release|Any CPU
		{C5C753F1-1CFD-456D-B51F-85F0D8228F3F}.ReleaseDotNet|Any CPU.Build.0 = Release|Any CPU
		{C5C753F1-1CFD-456D-B51F-85F0D8228F3F}.ReleaseNet40|Any CPU.ActiveCfg = Release|Any CPU
		{C5C753F1-1CFD-456D-B51F-85F0D8228F3F}.ReleaseNet40|Any CPU.Build.0 = Release|Any CPU
		{C5C753F1-1CFD-456D-B51F-85F0D8228F3F}.ReleaseNet45|Any CPU.ActiveCfg = Release|Any CPU
		{C5C753F1-1CFD-456D-B51F-85F0D8228F3F}.ReleaseNet45|Any CPU.Build.0 = Release|Any CPU
		{C5C753F1-1CFD-456D-B51F-85F0D8228F3F}.ReleaseNet462|Any CPU.ActiveCfg = Release|Any CPU
		{C5C753F1-1CFD-456D-B51F-85F0D8228F3F}.ReleaseNet462|Any CPU.Build.0 = Release|Any CPU
		{E8ADAF5D-37A6-4FFB-9F09-CF8FDD4FFA04}.Debug|Any CPU.ActiveCfg = Debug|Any CPU
		{E8ADAF5D-37A6-4FFB-9F09-CF8FDD4FFA04}.Debug|Any CPU.Build.0 = Debug|Any CPU
		{E8ADAF5D-37A6-4FFB-9F09-CF8FDD4FFA04}.DebugDotNet|Any CPU.ActiveCfg = Debug|Any CPU
		{E8ADAF5D-37A6-4FFB-9F09-CF8FDD4FFA04}.DebugDotNet|Any CPU.Build.0 = Debug|Any CPU
		{E8ADAF5D-37A6-4FFB-9F09-CF8FDD4FFA04}.DebugNet40|Any CPU.ActiveCfg = Debug|Any CPU
		{E8ADAF5D-37A6-4FFB-9F09-CF8FDD4FFA04}.DebugNet40|Any CPU.Build.0 = Debug|Any CPU
		{E8ADAF5D-37A6-4FFB-9F09-CF8FDD4FFA04}.DebugNet45|Any CPU.ActiveCfg = Debug|Any CPU
		{E8ADAF5D-37A6-4FFB-9F09-CF8FDD4FFA04}.DebugNet45|Any CPU.Build.0 = Debug|Any CPU
		{E8ADAF5D-37A6-4FFB-9F09-CF8FDD4FFA04}.DebugNet462|Any CPU.ActiveCfg = Debug|Any CPU
		{E8ADAF5D-37A6-4FFB-9F09-CF8FDD4FFA04}.DebugNet462|Any CPU.Build.0 = Debug|Any CPU
		{E8ADAF5D-37A6-4FFB-9F09-CF8FDD4FFA04}.Release|Any CPU.ActiveCfg = Release|Any CPU
		{E8ADAF5D-37A6-4FFB-9F09-CF8FDD4FFA04}.Release|Any CPU.Build.0 = Release|Any CPU
		{E8ADAF5D-37A6-4FFB-9F09-CF8FDD4FFA04}.ReleaseDotNet|Any CPU.ActiveCfg = Release|Any CPU
		{E8ADAF5D-37A6-4FFB-9F09-CF8FDD4FFA04}.ReleaseDotNet|Any CPU.Build.0 = Release|Any CPU
		{E8ADAF5D-37A6-4FFB-9F09-CF8FDD4FFA04}.ReleaseNet40|Any CPU.ActiveCfg = Release|Any CPU
		{E8ADAF5D-37A6-4FFB-9F09-CF8FDD4FFA04}.ReleaseNet40|Any CPU.Build.0 = Release|Any CPU
		{E8ADAF5D-37A6-4FFB-9F09-CF8FDD4FFA04}.ReleaseNet45|Any CPU.ActiveCfg = Release|Any CPU
		{E8ADAF5D-37A6-4FFB-9F09-CF8FDD4FFA04}.ReleaseNet45|Any CPU.Build.0 = Release|Any CPU
		{E8ADAF5D-37A6-4FFB-9F09-CF8FDD4FFA04}.ReleaseNet462|Any CPU.ActiveCfg = Release|Any CPU
		{E8ADAF5D-37A6-4FFB-9F09-CF8FDD4FFA04}.ReleaseNet462|Any CPU.Build.0 = Release|Any CPU
	EndGlobalSection
	GlobalSection(SolutionProperties) = preSolution
		HideSolutionNode = FALSE
	EndGlobalSection
	GlobalSection(NestedProjects) = preSolution
		{680E2637-8298-4874-8FF4-D6CCAE721667} = {F2196CF4-15EE-4790-8891-277DAF6BE526}
		{F39C565D-2A75-4DE5-8918-517085FD22D2} = {F2196CF4-15EE-4790-8891-277DAF6BE526}
		{D3ED31C1-8A38-436B-86A9-55F7A8BD1D98} = {F2196CF4-15EE-4790-8891-277DAF6BE526}
		{555D9B4B-13C5-48D5-A8BE-21B5DBE17E1E} = {F6D6A272-5D62-45E8-9681-74FEB31BEAD1}
		{D73DB66D-01AB-4223-A4A0-7687F544A0F5} = {F6D6A272-5D62-45E8-9681-74FEB31BEAD1}
		{41A15D66-32B0-4E0B-B5CD-FCC4DCEECB96} = {F6D6A272-5D62-45E8-9681-74FEB31BEAD1}
		{A0856D27-2EC2-4AA7-B485-6228462A3906} = {06F8EE55-908F-4FA4-81F7-E0ECE9FBA3AC}
		{C5C753F1-1CFD-456D-B51F-85F0D8228F3F} = {06F8EE55-908F-4FA4-81F7-E0ECE9FBA3AC}
		{E8ADAF5D-37A6-4FFB-9F09-CF8FDD4FFA04} = {06F8EE55-908F-4FA4-81F7-E0ECE9FBA3AC}
	EndGlobalSection
	GlobalSection(CodealikeProperties) = postSolution
		SolutionGuid = 490b2a4f-22f5-46a2-93a9-b929191d1f55
	EndGlobalSection
EndGlobal
