
Microsoft Visual Studio Solution File, Format Version 12.00
# Visual Studio 14
VisualStudioVersion = 14.0.25420.1
MinimumVisualStudioVersion = 10.0.40219.1
Project("{FAE04EC0-301F-11D3-BF4B-00C04F79EFBC}") = "Nancy.Swagger.Tests", "test\Nancy.Swagger.Tests\Nancy.Swagger.Tests.csproj", "{FDA8C5B7-E1E0-4235-80F9-54E4C141CED7}"
EndProject
Project("{FAE04EC0-301F-11D3-BF4B-00C04F79EFBC}") = "Swagger.ObjectModel.Tests", "test\Swagger.ObjectModel.Tests\Swagger.ObjectModel.Tests.csproj", "{CBA30969-FBF7-468F-AB3E-4045F36B0939}"
EndProject
Project("{FAE04EC0-301F-11D3-BF4B-00C04F79EFBC}") = "Nancy.Swagger.Annotations.Tests", "test\Nancy.Swagger.Annotations.Tests\Nancy.Swagger.Annotations.Tests.csproj", "{D64692AA-80A4-4C31-B921-18BDEA18BB03}"
EndProject
Project("{2150E333-8FDC-42A3-9474-1A3956D46DE8}") = "src", "src", "{F2196CF4-15EE-4790-8891-277DAF6BE526}"
EndProject
Project("{2150E333-8FDC-42A3-9474-1A3956D46DE8}") = "test", "test", "{F6D6A272-5D62-45E8-9681-74FEB31BEAD1}"
EndProject
Project("{2150E333-8FDC-42A3-9474-1A3956D46DE8}") = "samples", "samples", "{06F8EE55-908F-4FA4-81F7-E0ECE9FBA3AC}"
EndProject
Project("{2150E333-8FDC-42A3-9474-1A3956D46DE8}") = "etc", "etc", "{EA3F2EA3-B5D0-4078-88B0-A538094BA19E}"
	ProjectSection(SolutionItems) = preProject
		etc\CommonAssemblyInfo.cs = etc\CommonAssemblyInfo.cs
	EndProjectSection
EndProject
Project("{8BB2217D-0F2D-49D1-97BC-3654ED321F3B}") = "Nancy.Swagger", "src\Nancy.Swagger\Nancy.Swagger.xproj", "{680E2637-8298-4874-8FF4-D6CCAE721667}"
EndProject
Project("{8BB2217D-0F2D-49D1-97BC-3654ED321F3B}") = "Swagger.ObjectModel", "src\Swagger.ObjectModel\Swagger.ObjectModel.xproj", "{F39C565D-2A75-4DE5-8918-517085FD22D2}"
EndProject
Project("{2150E333-8FDC-42A3-9474-1A3956D46DE8}") = "Solution Items", "Solution Items", "{7AB59EB5-65D2-4339-B1D6-E21169AF7018}"
	ProjectSection(SolutionItems) = preProject
		global.json = global.json
	EndProjectSection
EndProject
Project("{8BB2217D-0F2D-49D1-97BC-3654ED321F3B}") = "Nancy.Swagger.NetCore.Demo", "samples\Nancy.Swagger.NetCore.Demo\Nancy.Swagger.NetCore.Demo.xproj", "{A0856D27-2EC2-4AA7-B485-6228462A3906}"
EndProject
Project("{8BB2217D-0F2D-49D1-97BC-3654ED321F3B}") = "Nancy.Swagger.Annotations", "src\Nancy.Swagger.Annotations\Nancy.Swagger.Annotations.xproj", "{D3ED31C1-8A38-436B-86A9-55F7A8BD1D98}"
EndProject
Global
	GlobalSection(SolutionConfigurationPlatforms) = preSolution
		Debug|Any CPU = Debug|Any CPU
		DebugDotNet|Any CPU = DebugDotNet|Any CPU
		DebugNet40|Any CPU = DebugNet40|Any CPU
		DebugNet45|Any CPU = DebugNet45|Any CPU
		DebugNet462|Any CPU = DebugNet462|Any CPU
		Release|Any CPU = Release|Any CPU
		ReleaseDotNet|Any CPU = ReleaseDotNet|Any CPU
		ReleaseNet40|Any CPU = ReleaseNet40|Any CPU
		ReleaseNet45|Any CPU = ReleaseNet45|Any CPU
		ReleaseNet462|Any CPU = ReleaseNet462|Any CPU
	EndGlobalSection
	GlobalSection(ProjectConfigurationPlatforms) = postSolution
		{FDA8C5B7-E1E0-4235-80F9-54E4C141CED7}.Debug|Any CPU.ActiveCfg = Debug|Any CPU
		{FDA8C5B7-E1E0-4235-80F9-54E4C141CED7}.Debug|Any CPU.Build.0 = Debug|Any CPU
		{FDA8C5B7-E1E0-4235-80F9-54E4C141CED7}.DebugDotNet|Any CPU.ActiveCfg = DebugNet40|Any CPU
		{FDA8C5B7-E1E0-4235-80F9-54E4C141CED7}.DebugDotNet|Any CPU.Build.0 = DebugNet40|Any CPU
		{FDA8C5B7-E1E0-4235-80F9-54E4C141CED7}.DebugNet40|Any CPU.ActiveCfg = Debug|Any CPU
		{FDA8C5B7-E1E0-4235-80F9-54E4C141CED7}.DebugNet40|Any CPU.Build.0 = Debug|Any CPU
		{FDA8C5B7-E1E0-4235-80F9-54E4C141CED7}.DebugNet45|Any CPU.ActiveCfg = Debug|Any CPU
		{FDA8C5B7-E1E0-4235-80F9-54E4C141CED7}.DebugNet45|Any CPU.Build.0 = Debug|Any CPU
		{FDA8C5B7-E1E0-4235-80F9-54E4C141CED7}.DebugNet462|Any CPU.ActiveCfg = Debug|Any CPU
		{FDA8C5B7-E1E0-4235-80F9-54E4C141CED7}.DebugNet462|Any CPU.Build.0 = Debug|Any CPU
		{FDA8C5B7-E1E0-4235-80F9-54E4C141CED7}.Release|Any CPU.ActiveCfg = Release|Any CPU
		{FDA8C5B7-E1E0-4235-80F9-54E4C141CED7}.Release|Any CPU.Build.0 = Release|Any CPU
		{FDA8C5B7-E1E0-4235-80F9-54E4C141CED7}.ReleaseDotNet|Any CPU.ActiveCfg = ReleaseNet40|Any CPU
		{FDA8C5B7-E1E0-4235-80F9-54E4C141CED7}.ReleaseDotNet|Any CPU.Build.0 = ReleaseNet40|Any CPU
		{FDA8C5B7-E1E0-4235-80F9-54E4C141CED7}.ReleaseNet40|Any CPU.ActiveCfg = Release|Any CPU
		{FDA8C5B7-E1E0-4235-80F9-54E4C141CED7}.ReleaseNet40|Any CPU.Build.0 = Release|Any CPU
		{FDA8C5B7-E1E0-4235-80F9-54E4C141CED7}.ReleaseNet45|Any CPU.ActiveCfg = Release|Any CPU
		{FDA8C5B7-E1E0-4235-80F9-54E4C141CED7}.ReleaseNet45|Any CPU.Build.0 = Release|Any CPU
		{FDA8C5B7-E1E0-4235-80F9-54E4C141CED7}.ReleaseNet462|Any CPU.ActiveCfg = Release|Any CPU
		{FDA8C5B7-E1E0-4235-80F9-54E4C141CED7}.ReleaseNet462|Any CPU.Build.0 = Release|Any CPU
		{CBA30969-FBF7-468F-AB3E-4045F36B0939}.Debug|Any CPU.ActiveCfg = Debug|Any CPU
		{CBA30969-FBF7-468F-AB3E-4045F36B0939}.Debug|Any CPU.Build.0 = Debug|Any CPU
		{CBA30969-FBF7-468F-AB3E-4045F36B0939}.DebugDotNet|Any CPU.ActiveCfg = DebugNet40|Any CPU
		{CBA30969-FBF7-468F-AB3E-4045F36B0939}.DebugDotNet|Any CPU.Build.0 = DebugNet40|Any CPU
		{CBA30969-FBF7-468F-AB3E-4045F36B0939}.DebugNet40|Any CPU.ActiveCfg = Debug|Any CPU
		{CBA30969-FBF7-468F-AB3E-4045F36B0939}.DebugNet40|Any CPU.Build.0 = Debug|Any CPU
		{CBA30969-FBF7-468F-AB3E-4045F36B0939}.DebugNet45|Any CPU.ActiveCfg = Debug|Any CPU
		{CBA30969-FBF7-468F-AB3E-4045F36B0939}.DebugNet45|Any CPU.Build.0 = Debug|Any CPU
		{CBA30969-FBF7-468F-AB3E-4045F36B0939}.DebugNet462|Any CPU.ActiveCfg = Debug|Any CPU
		{CBA30969-FBF7-468F-AB3E-4045F36B0939}.DebugNet462|Any CPU.Build.0 = Debug|Any CPU
		{CBA30969-FBF7-468F-AB3E-4045F36B0939}.Release|Any CPU.ActiveCfg = Release|Any CPU
		{CBA30969-FBF7-468F-AB3E-4045F36B0939}.Release|Any CPU.Build.0 = Release|Any CPU
		{CBA30969-FBF7-468F-AB3E-4045F36B0939}.ReleaseDotNet|Any CPU.ActiveCfg = ReleaseNet40|Any CPU
		{CBA30969-FBF7-468F-AB3E-4045F36B0939}.ReleaseDotNet|Any CPU.Build.0 = ReleaseNet40|Any CPU
		{CBA30969-FBF7-468F-AB3E-4045F36B0939}.ReleaseNet40|Any CPU.ActiveCfg = Release|Any CPU
		{CBA30969-FBF7-468F-AB3E-4045F36B0939}.ReleaseNet40|Any CPU.Build.0 = Release|Any CPU
		{CBA30969-FBF7-468F-AB3E-4045F36B0939}.ReleaseNet45|Any CPU.ActiveCfg = Release|Any CPU
		{CBA30969-FBF7-468F-AB3E-4045F36B0939}.ReleaseNet45|Any CPU.Build.0 = Release|Any CPU
		{CBA30969-FBF7-468F-AB3E-4045F36B0939}.ReleaseNet462|Any CPU.ActiveCfg = Release|Any CPU
		{CBA30969-FBF7-468F-AB3E-4045F36B0939}.ReleaseNet462|Any CPU.Build.0 = Release|Any CPU
		{D64692AA-80A4-4C31-B921-18BDEA18BB03}.Debug|Any CPU.ActiveCfg = Debug|Any CPU
		{D64692AA-80A4-4C31-B921-18BDEA18BB03}.Debug|Any CPU.Build.0 = Debug|Any CPU
		{D64692AA-80A4-4C31-B921-18BDEA18BB03}.DebugDotNet|Any CPU.ActiveCfg = DebugNet40|Any CPU
		{D64692AA-80A4-4C31-B921-18BDEA18BB03}.DebugDotNet|Any CPU.Build.0 = DebugNet40|Any CPU
		{D64692AA-80A4-4C31-B921-18BDEA18BB03}.DebugNet40|Any CPU.ActiveCfg = Debug|Any CPU
		{D64692AA-80A4-4C31-B921-18BDEA18BB03}.DebugNet40|Any CPU.Build.0 = Debug|Any CPU
		{D64692AA-80A4-4C31-B921-18BDEA18BB03}.DebugNet45|Any CPU.ActiveCfg = Debug|Any CPU
		{D64692AA-80A4-4C31-B921-18BDEA18BB03}.DebugNet45|Any CPU.Build.0 = Debug|Any CPU
		{D64692AA-80A4-4C31-B921-18BDEA18BB03}.DebugNet462|Any CPU.ActiveCfg = Debug|Any CPU
		{D64692AA-80A4-4C31-B921-18BDEA18BB03}.DebugNet462|Any CPU.Build.0 = Debug|Any CPU
		{D64692AA-80A4-4C31-B921-18BDEA18BB03}.Release|Any CPU.ActiveCfg = Release|Any CPU
		{D64692AA-80A4-4C31-B921-18BDEA18BB03}.Release|Any CPU.Build.0 = Release|Any CPU
		{D64692AA-80A4-4C31-B921-18BDEA18BB03}.ReleaseDotNet|Any CPU.ActiveCfg = ReleaseNet40|Any CPU
		{D64692AA-80A4-4C31-B921-18BDEA18BB03}.ReleaseDotNet|Any CPU.Build.0 = ReleaseNet40|Any CPU
		{D64692AA-80A4-4C31-B921-18BDEA18BB03}.ReleaseNet40|Any CPU.ActiveCfg = Release|Any CPU
		{D64692AA-80A4-4C31-B921-18BDEA18BB03}.ReleaseNet40|Any CPU.Build.0 = Release|Any CPU
		{D64692AA-80A4-4C31-B921-18BDEA18BB03}.ReleaseNet45|Any CPU.ActiveCfg = Release|Any CPU
		{D64692AA-80A4-4C31-B921-18BDEA18BB03}.ReleaseNet45|Any CPU.Build.0 = Release|Any CPU
		{D64692AA-80A4-4C31-B921-18BDEA18BB03}.ReleaseNet462|Any CPU.ActiveCfg = Release|Any CPU
		{D64692AA-80A4-4C31-B921-18BDEA18BB03}.ReleaseNet462|Any CPU.Build.0 = Release|Any CPU
		{680E2637-8298-4874-8FF4-D6CCAE721667}.Debug|Any CPU.ActiveCfg = Debug|Any CPU
		{680E2637-8298-4874-8FF4-D6CCAE721667}.Debug|Any CPU.Build.0 = Debug|Any CPU
		{680E2637-8298-4874-8FF4-D6CCAE721667}.DebugDotNet|Any CPU.ActiveCfg = Debug|Any CPU
		{680E2637-8298-4874-8FF4-D6CCAE721667}.DebugDotNet|Any CPU.Build.0 = Debug|Any CPU
		{680E2637-8298-4874-8FF4-D6CCAE721667}.DebugNet40|Any CPU.ActiveCfg = Debug|Any CPU
		{680E2637-8298-4874-8FF4-D6CCAE721667}.DebugNet40|Any CPU.Build.0 = Debug|Any CPU
		{680E2637-8298-4874-8FF4-D6CCAE721667}.DebugNet45|Any CPU.ActiveCfg = Debug|Any CPU
		{680E2637-8298-4874-8FF4-D6CCAE721667}.DebugNet45|Any CPU.Build.0 = Debug|Any CPU
		{680E2637-8298-4874-8FF4-D6CCAE721667}.DebugNet462|Any CPU.ActiveCfg = Debug|Any CPU
		{680E2637-8298-4874-8FF4-D6CCAE721667}.DebugNet462|Any CPU.Build.0 = Debug|Any CPU
		{680E2637-8298-4874-8FF4-D6CCAE721667}.Release|Any CPU.ActiveCfg = Release|Any CPU
		{680E2637-8298-4874-8FF4-D6CCAE721667}.Release|Any CPU.Build.0 = Release|Any CPU
		{680E2637-8298-4874-8FF4-D6CCAE721667}.ReleaseDotNet|Any CPU.ActiveCfg = Release|Any CPU
		{680E2637-8298-4874-8FF4-D6CCAE721667}.ReleaseDotNet|Any CPU.Build.0 = Release|Any CPU
		{680E2637-8298-4874-8FF4-D6CCAE721667}.ReleaseNet40|Any CPU.ActiveCfg = Release|Any CPU
		{680E2637-8298-4874-8FF4-D6CCAE721667}.ReleaseNet40|Any CPU.Build.0 = Release|Any CPU
		{680E2637-8298-4874-8FF4-D6CCAE721667}.ReleaseNet45|Any CPU.ActiveCfg = Release|Any CPU
		{680E2637-8298-4874-8FF4-D6CCAE721667}.ReleaseNet45|Any CPU.Build.0 = Release|Any CPU
		{680E2637-8298-4874-8FF4-D6CCAE721667}.ReleaseNet462|Any CPU.ActiveCfg = Release|Any CPU
		{680E2637-8298-4874-8FF4-D6CCAE721667}.ReleaseNet462|Any CPU.Build.0 = Release|Any CPU
		{F39C565D-2A75-4DE5-8918-517085FD22D2}.Debug|Any CPU.ActiveCfg = Debug|Any CPU
		{F39C565D-2A75-4DE5-8918-517085FD22D2}.Debug|Any CPU.Build.0 = Debug|Any CPU
		{F39C565D-2A75-4DE5-8918-517085FD22D2}.DebugDotNet|Any CPU.ActiveCfg = Debug|Any CPU
		{F39C565D-2A75-4DE5-8918-517085FD22D2}.DebugDotNet|Any CPU.Build.0 = Debug|Any CPU
		{F39C565D-2A75-4DE5-8918-517085FD22D2}.DebugNet40|Any CPU.ActiveCfg = Debug|Any CPU
		{F39C565D-2A75-4DE5-8918-517085FD22D2}.DebugNet40|Any CPU.Build.0 = Debug|Any CPU
		{F39C565D-2A75-4DE5-8918-517085FD22D2}.DebugNet45|Any CPU.ActiveCfg = Debug|Any CPU
		{F39C565D-2A75-4DE5-8918-517085FD22D2}.DebugNet45|Any CPU.Build.0 = Debug|Any CPU
		{F39C565D-2A75-4DE5-8918-517085FD22D2}.DebugNet462|Any CPU.ActiveCfg = Debug|Any CPU
		{F39C565D-2A75-4DE5-8918-517085FD22D2}.DebugNet462|Any CPU.Build.0 = Debug|Any CPU
		{F39C565D-2A75-4DE5-8918-517085FD22D2}.Release|Any CPU.ActiveCfg = Release|Any CPU
		{F39C565D-2A75-4DE5-8918-517085FD22D2}.Release|Any CPU.Build.0 = Release|Any CPU
		{F39C565D-2A75-4DE5-8918-517085FD22D2}.ReleaseDotNet|Any CPU.ActiveCfg = Release|Any CPU
		{F39C565D-2A75-4DE5-8918-517085FD22D2}.ReleaseDotNet|Any CPU.Build.0 = Release|Any CPU
		{F39C565D-2A75-4DE5-8918-517085FD22D2}.ReleaseNet40|Any CPU.ActiveCfg = Release|Any CPU
		{F39C565D-2A75-4DE5-8918-517085FD22D2}.ReleaseNet40|Any CPU.Build.0 = Release|Any CPU
		{F39C565D-2A75-4DE5-8918-517085FD22D2}.ReleaseNet45|Any CPU.ActiveCfg = Release|Any CPU
		{F39C565D-2A75-4DE5-8918-517085FD22D2}.ReleaseNet45|Any CPU.Build.0 = Release|Any CPU
		{F39C565D-2A75-4DE5-8918-517085FD22D2}.ReleaseNet462|Any CPU.ActiveCfg = Release|Any CPU
		{F39C565D-2A75-4DE5-8918-517085FD22D2}.ReleaseNet462|Any CPU.Build.0 = Release|Any CPU
		{A0856D27-2EC2-4AA7-B485-6228462A3906}.Debug|Any CPU.ActiveCfg = Debug|Any CPU
		{A0856D27-2EC2-4AA7-B485-6228462A3906}.Debug|Any CPU.Build.0 = Debug|Any CPU
		{A0856D27-2EC2-4AA7-B485-6228462A3906}.DebugDotNet|Any CPU.ActiveCfg = Debug|Any CPU
		{A0856D27-2EC2-4AA7-B485-6228462A3906}.DebugDotNet|Any CPU.Build.0 = Debug|Any CPU
		{A0856D27-2EC2-4AA7-B485-6228462A3906}.DebugNet40|Any CPU.ActiveCfg = Debug|Any CPU
		{A0856D27-2EC2-4AA7-B485-6228462A3906}.DebugNet40|Any CPU.Build.0 = Debug|Any CPU
		{A0856D27-2EC2-4AA7-B485-6228462A3906}.DebugNet45|Any CPU.ActiveCfg = Debug|Any CPU
		{A0856D27-2EC2-4AA7-B485-6228462A3906}.DebugNet45|Any CPU.Build.0 = Debug|Any CPU
		{A0856D27-2EC2-4AA7-B485-6228462A3906}.DebugNet462|Any CPU.ActiveCfg = Debug|Any CPU
		{A0856D27-2EC2-4AA7-B485-6228462A3906}.DebugNet462|Any CPU.Build.0 = Debug|Any CPU
		{A0856D27-2EC2-4AA7-B485-6228462A3906}.Release|Any CPU.ActiveCfg = Release|Any CPU
		{A0856D27-2EC2-4AA7-B485-6228462A3906}.Release|Any CPU.Build.0 = Release|Any CPU
		{A0856D27-2EC2-4AA7-B485-6228462A3906}.ReleaseDotNet|Any CPU.ActiveCfg = Release|Any CPU
		{A0856D27-2EC2-4AA7-B485-6228462A3906}.ReleaseDotNet|Any CPU.Build.0 = Release|Any CPU
		{A0856D27-2EC2-4AA7-B485-6228462A3906}.ReleaseNet40|Any CPU.ActiveCfg = Release|Any CPU
		{A0856D27-2EC2-4AA7-B485-6228462A3906}.ReleaseNet40|Any CPU.Build.0 = Release|Any CPU
		{A0856D27-2EC2-4AA7-B485-6228462A3906}.ReleaseNet45|Any CPU.ActiveCfg = Release|Any CPU
		{A0856D27-2EC2-4AA7-B485-6228462A3906}.ReleaseNet45|Any CPU.Build.0 = Release|Any CPU
		{A0856D27-2EC2-4AA7-B485-6228462A3906}.ReleaseNet462|Any CPU.ActiveCfg = Release|Any CPU
		{A0856D27-2EC2-4AA7-B485-6228462A3906}.ReleaseNet462|Any CPU.Build.0 = Release|Any CPU
		{D3ED31C1-8A38-436B-86A9-55F7A8BD1D98}.Debug|Any CPU.ActiveCfg = Debug|Any CPU
		{D3ED31C1-8A38-436B-86A9-55F7A8BD1D98}.Debug|Any CPU.Build.0 = Debug|Any CPU
		{D3ED31C1-8A38-436B-86A9-55F7A8BD1D98}.DebugDotNet|Any CPU.ActiveCfg = Debug|Any CPU
		{D3ED31C1-8A38-436B-86A9-55F7A8BD1D98}.DebugDotNet|Any CPU.Build.0 = Debug|Any CPU
		{D3ED31C1-8A38-436B-86A9-55F7A8BD1D98}.DebugNet40|Any CPU.ActiveCfg = Debug|Any CPU
		{D3ED31C1-8A38-436B-86A9-55F7A8BD1D98}.DebugNet40|Any CPU.Build.0 = Debug|Any CPU
		{D3ED31C1-8A38-436B-86A9-55F7A8BD1D98}.DebugNet45|Any CPU.ActiveCfg = Debug|Any CPU
		{D3ED31C1-8A38-436B-86A9-55F7A8BD1D98}.DebugNet45|Any CPU.Build.0 = Debug|Any CPU
		{D3ED31C1-8A38-436B-86A9-55F7A8BD1D98}.DebugNet462|Any CPU.ActiveCfg = Debug|Any CPU
		{D3ED31C1-8A38-436B-86A9-55F7A8BD1D98}.DebugNet462|Any CPU.Build.0 = Debug|Any CPU
		{D3ED31C1-8A38-436B-86A9-55F7A8BD1D98}.Release|Any CPU.ActiveCfg = Release|Any CPU
		{D3ED31C1-8A38-436B-86A9-55F7A8BD1D98}.Release|Any CPU.Build.0 = Release|Any CPU
		{D3ED31C1-8A38-436B-86A9-55F7A8BD1D98}.ReleaseDotNet|Any CPU.ActiveCfg = Release|Any CPU
		{D3ED31C1-8A38-436B-86A9-55F7A8BD1D98}.ReleaseDotNet|Any CPU.Build.0 = Release|Any CPU
		{D3ED31C1-8A38-436B-86A9-55F7A8BD1D98}.ReleaseNet40|Any CPU.ActiveCfg = Release|Any CPU
		{D3ED31C1-8A38-436B-86A9-55F7A8BD1D98}.ReleaseNet40|Any CPU.Build.0 = Release|Any CPU
		{D3ED31C1-8A38-436B-86A9-55F7A8BD1D98}.ReleaseNet45|Any CPU.ActiveCfg = Release|Any CPU
		{D3ED31C1-8A38-436B-86A9-55F7A8BD1D98}.ReleaseNet45|Any CPU.Build.0 = Release|Any CPU
		{D3ED31C1-8A38-436B-86A9-55F7A8BD1D98}.ReleaseNet462|Any CPU.ActiveCfg = Release|Any CPU
		{D3ED31C1-8A38-436B-86A9-55F7A8BD1D98}.ReleaseNet462|Any CPU.Build.0 = Release|Any CPU
	EndGlobalSection
	GlobalSection(SolutionProperties) = preSolution
		HideSolutionNode = FALSE
	EndGlobalSection
	GlobalSection(NestedProjects) = preSolution
		{FDA8C5B7-E1E0-4235-80F9-54E4C141CED7} = {F6D6A272-5D62-45E8-9681-74FEB31BEAD1}
		{CBA30969-FBF7-468F-AB3E-4045F36B0939} = {F6D6A272-5D62-45E8-9681-74FEB31BEAD1}
		{D64692AA-80A4-4C31-B921-18BDEA18BB03} = {F6D6A272-5D62-45E8-9681-74FEB31BEAD1}
		{680E2637-8298-4874-8FF4-D6CCAE721667} = {F2196CF4-15EE-4790-8891-277DAF6BE526}
		{F39C565D-2A75-4DE5-8918-517085FD22D2} = {F2196CF4-15EE-4790-8891-277DAF6BE526}
		{A0856D27-2EC2-4AA7-B485-6228462A3906} = {06F8EE55-908F-4FA4-81F7-E0ECE9FBA3AC}
		{D3ED31C1-8A38-436B-86A9-55F7A8BD1D98} = {F2196CF4-15EE-4790-8891-277DAF6BE526}
	EndGlobalSection
	GlobalSection(CodealikeProperties) = postSolution
		SolutionGuid = 490b2a4f-22f5-46a2-93a9-b929191d1f55
	EndGlobalSection
EndGlobal
