
Microsoft Visual Studio Solution File, Format Version 12.00
# Visual Studio 14
VisualStudioVersion = 14.0.25420.1
MinimumVisualStudioVersion = 10.0.40219.1
Project("{FAE04EC0-301F-11D3-BF4B-00C04F79EFBC}") = "Nancy.Swagger", "src\Nancy.Swagger\Nancy.Swagger.csproj", "{ADD1E494-A985-4F8D-911B-E487D4B3159E}"
EndProject
Project("{FAE04EC0-301F-11D3-BF4B-00C04F79EFBC}") = "Nancy.Swagger.Tests", "test\Nancy.Swagger.Tests\Nancy.Swagger.Tests.csproj", "{FDA8C5B7-E1E0-4235-80F9-54E4C141CED7}"
EndProject
Project("{FAE04EC0-301F-11D3-BF4B-00C04F79EFBC}") = "Swagger.ObjectModel", "src\Swagger.ObjectModel\Swagger.ObjectModel.csproj", "{140262C2-A8BE-4C8F-9A2F-B848EF396B91}"
EndProject
Project("{FAE04EC0-301F-11D3-BF4B-00C04F79EFBC}") = "Swagger.ObjectModel.Tests", "test\Swagger.ObjectModel.Tests\Swagger.ObjectModel.Tests.csproj", "{CBA30969-FBF7-468F-AB3E-4045F36B0939}"
EndProject
Project("{FAE04EC0-301F-11D3-BF4B-00C04F79EFBC}") = "Nancy.Swagger.Annotations", "src\Nancy.Swagger.Annotations\Nancy.Swagger.Annotations.csproj", "{10A7F49B-B1EE-41FE-BE88-8AB59AA3319F}"
EndProject
Project("{FAE04EC0-301F-11D3-BF4B-00C04F79EFBC}") = "Nancy.Swagger.Annotations.Tests", "test\Nancy.Swagger.Annotations.Tests\Nancy.Swagger.Annotations.Tests.csproj", "{D64692AA-80A4-4C31-B921-18BDEA18BB03}"
EndProject
Project("{2150E333-8FDC-42A3-9474-1A3956D46DE8}") = "src", "src", "{F2196CF4-15EE-4790-8891-277DAF6BE526}"
EndProject
Project("{2150E333-8FDC-42A3-9474-1A3956D46DE8}") = "test", "test", "{F6D6A272-5D62-45E8-9681-74FEB31BEAD1}"
EndProject
Project("{2150E333-8FDC-42A3-9474-1A3956D46DE8}") = "samples", "samples", "{06F8EE55-908F-4FA4-81F7-E0ECE9FBA3AC}"
EndProject
Project("{FAE04EC0-301F-11D3-BF4B-00C04F79EFBC}") = "Nancy.Swagger.Demo", "samples\Nancy.Swagger.Demo\Nancy.Swagger.Demo.csproj", "{367BF53D-1FD7-4CC8-9154-A2B2AF87871F}"
EndProject
Project("{2150E333-8FDC-42A3-9474-1A3956D46DE8}") = "etc", "etc", "{EA3F2EA3-B5D0-4078-88B0-A538094BA19E}"
	ProjectSection(SolutionItems) = preProject
		etc\CommonAssemblyInfo.cs = etc\CommonAssemblyInfo.cs
	EndProjectSection
EndProject
Global
	GlobalSection(SolutionConfigurationPlatforms) = preSolution
		Debug|Any CPU = Debug|Any CPU
		DebugNet40|Any CPU = DebugNet40|Any CPU
		DebugNet45|Any CPU = DebugNet45|Any CPU
		DebugNet462|Any CPU = DebugNet462|Any CPU
		Release|Any CPU = Release|Any CPU
		ReleaseNet40|Any CPU = ReleaseNet40|Any CPU
		ReleaseNet45|Any CPU = ReleaseNet45|Any CPU
		ReleaseNet462|Any CPU = ReleaseNet462|Any CPU
	EndGlobalSection
	GlobalSection(ProjectConfigurationPlatforms) = postSolution
		{ADD1E494-A985-4F8D-911B-E487D4B3159E}.Debug|Any CPU.ActiveCfg = Debug|Any CPU
		{ADD1E494-A985-4F8D-911B-E487D4B3159E}.Debug|Any CPU.Build.0 = Debug|Any CPU
		{ADD1E494-A985-4F8D-911B-E487D4B3159E}.DebugNet40|Any CPU.ActiveCfg = Debug|Any CPU
		{ADD1E494-A985-4F8D-911B-E487D4B3159E}.DebugNet40|Any CPU.Build.0 = Debug|Any CPU
		{ADD1E494-A985-4F8D-911B-E487D4B3159E}.DebugNet45|Any CPU.ActiveCfg = Debug|Any CPU
		{ADD1E494-A985-4F8D-911B-E487D4B3159E}.DebugNet45|Any CPU.Build.0 = Debug|Any CPU
		{ADD1E494-A985-4F8D-911B-E487D4B3159E}.DebugNet462|Any CPU.ActiveCfg = Debug|Any CPU
		{ADD1E494-A985-4F8D-911B-E487D4B3159E}.DebugNet462|Any CPU.Build.0 = Debug|Any CPU
		{ADD1E494-A985-4F8D-911B-E487D4B3159E}.Release|Any CPU.ActiveCfg = Release|Any CPU
		{ADD1E494-A985-4F8D-911B-E487D4B3159E}.Release|Any CPU.Build.0 = Release|Any CPU
		{ADD1E494-A985-4F8D-911B-E487D4B3159E}.ReleaseNet40|Any CPU.ActiveCfg = Release|Any CPU
		{ADD1E494-A985-4F8D-911B-E487D4B3159E}.ReleaseNet40|Any CPU.Build.0 = Release|Any CPU
		{ADD1E494-A985-4F8D-911B-E487D4B3159E}.ReleaseNet45|Any CPU.ActiveCfg = Release|Any CPU
		{ADD1E494-A985-4F8D-911B-E487D4B3159E}.ReleaseNet45|Any CPU.Build.0 = Release|Any CPU
		{ADD1E494-A985-4F8D-911B-E487D4B3159E}.ReleaseNet462|Any CPU.ActiveCfg = Release|Any CPU
		{ADD1E494-A985-4F8D-911B-E487D4B3159E}.ReleaseNet462|Any CPU.Build.0 = Release|Any CPU
		{FDA8C5B7-E1E0-4235-80F9-54E4C141CED7}.Debug|Any CPU.ActiveCfg = Debug|Any CPU
		{FDA8C5B7-E1E0-4235-80F9-54E4C141CED7}.Debug|Any CPU.Build.0 = Debug|Any CPU
		{FDA8C5B7-E1E0-4235-80F9-54E4C141CED7}.DebugNet40|Any CPU.ActiveCfg = Debug|Any CPU
		{FDA8C5B7-E1E0-4235-80F9-54E4C141CED7}.DebugNet40|Any CPU.Build.0 = Debug|Any CPU
		{FDA8C5B7-E1E0-4235-80F9-54E4C141CED7}.DebugNet45|Any CPU.ActiveCfg = Debug|Any CPU
		{FDA8C5B7-E1E0-4235-80F9-54E4C141CED7}.DebugNet45|Any CPU.Build.0 = Debug|Any CPU
		{FDA8C5B7-E1E0-4235-80F9-54E4C141CED7}.DebugNet462|Any CPU.ActiveCfg = Debug|Any CPU
		{FDA8C5B7-E1E0-4235-80F9-54E4C141CED7}.DebugNet462|Any CPU.Build.0 = Debug|Any CPU
		{FDA8C5B7-E1E0-4235-80F9-54E4C141CED7}.Release|Any CPU.ActiveCfg = Release|Any CPU
		{FDA8C5B7-E1E0-4235-80F9-54E4C141CED7}.Release|Any CPU.Build.0 = Release|Any CPU
		{FDA8C5B7-E1E0-4235-80F9-54E4C141CED7}.ReleaseNet40|Any CPU.ActiveCfg = Release|Any CPU
		{FDA8C5B7-E1E0-4235-80F9-54E4C141CED7}.ReleaseNet40|Any CPU.Build.0 = Release|Any CPU
		{FDA8C5B7-E1E0-4235-80F9-54E4C141CED7}.ReleaseNet45|Any CPU.ActiveCfg = Release|Any CPU
		{FDA8C5B7-E1E0-4235-80F9-54E4C141CED7}.ReleaseNet45|Any CPU.Build.0 = Release|Any CPU
		{FDA8C5B7-E1E0-4235-80F9-54E4C141CED7}.ReleaseNet462|Any CPU.ActiveCfg = Release|Any CPU
		{FDA8C5B7-E1E0-4235-80F9-54E4C141CED7}.ReleaseNet462|Any CPU.Build.0 = Release|Any CPU
		{140262C2-A8BE-4C8F-9A2F-B848EF396B91}.Debug|Any CPU.ActiveCfg = Debug|Any CPU
		{140262C2-A8BE-4C8F-9A2F-B848EF396B91}.Debug|Any CPU.Build.0 = Debug|Any CPU
		{140262C2-A8BE-4C8F-9A2F-B848EF396B91}.DebugNet40|Any CPU.ActiveCfg = Debug|Any CPU
		{140262C2-A8BE-4C8F-9A2F-B848EF396B91}.DebugNet40|Any CPU.Build.0 = Debug|Any CPU
		{140262C2-A8BE-4C8F-9A2F-B848EF396B91}.DebugNet45|Any CPU.ActiveCfg = Debug|Any CPU
		{140262C2-A8BE-4C8F-9A2F-B848EF396B91}.DebugNet45|Any CPU.Build.0 = Debug|Any CPU
		{140262C2-A8BE-4C8F-9A2F-B848EF396B91}.DebugNet462|Any CPU.ActiveCfg = Debug|Any CPU
		{140262C2-A8BE-4C8F-9A2F-B848EF396B91}.DebugNet462|Any CPU.Build.0 = Debug|Any CPU
		{140262C2-A8BE-4C8F-9A2F-B848EF396B91}.Release|Any CPU.ActiveCfg = Release|Any CPU
		{140262C2-A8BE-4C8F-9A2F-B848EF396B91}.Release|Any CPU.Build.0 = Release|Any CPU
		{140262C2-A8BE-4C8F-9A2F-B848EF396B91}.ReleaseNet40|Any CPU.ActiveCfg = Release|Any CPU
		{140262C2-A8BE-4C8F-9A2F-B848EF396B91}.ReleaseNet40|Any CPU.Build.0 = Release|Any CPU
		{140262C2-A8BE-4C8F-9A2F-B848EF396B91}.ReleaseNet45|Any CPU.ActiveCfg = Release|Any CPU
		{140262C2-A8BE-4C8F-9A2F-B848EF396B91}.ReleaseNet45|Any CPU.Build.0 = Release|Any CPU
		{140262C2-A8BE-4C8F-9A2F-B848EF396B91}.ReleaseNet462|Any CPU.ActiveCfg = Release|Any CPU
		{140262C2-A8BE-4C8F-9A2F-B848EF396B91}.ReleaseNet462|Any CPU.Build.0 = Release|Any CPU
		{CBA30969-FBF7-468F-AB3E-4045F36B0939}.Debug|Any CPU.ActiveCfg = Debug|Any CPU
		{CBA30969-FBF7-468F-AB3E-4045F36B0939}.Debug|Any CPU.Build.0 = Debug|Any CPU
		{CBA30969-FBF7-468F-AB3E-4045F36B0939}.DebugNet40|Any CPU.ActiveCfg = Debug|Any CPU
		{CBA30969-FBF7-468F-AB3E-4045F36B0939}.DebugNet40|Any CPU.Build.0 = Debug|Any CPU
		{CBA30969-FBF7-468F-AB3E-4045F36B0939}.DebugNet45|Any CPU.ActiveCfg = Debug|Any CPU
		{CBA30969-FBF7-468F-AB3E-4045F36B0939}.DebugNet45|Any CPU.Build.0 = Debug|Any CPU
		{CBA30969-FBF7-468F-AB3E-4045F36B0939}.DebugNet462|Any CPU.ActiveCfg = Debug|Any CPU
		{CBA30969-FBF7-468F-AB3E-4045F36B0939}.DebugNet462|Any CPU.Build.0 = Debug|Any CPU
		{CBA30969-FBF7-468F-AB3E-4045F36B0939}.Release|Any CPU.ActiveCfg = Release|Any CPU
		{CBA30969-FBF7-468F-AB3E-4045F36B0939}.Release|Any CPU.Build.0 = Release|Any CPU
		{CBA30969-FBF7-468F-AB3E-4045F36B0939}.ReleaseNet40|Any CPU.ActiveCfg = Release|Any CPU
		{CBA30969-FBF7-468F-AB3E-4045F36B0939}.ReleaseNet40|Any CPU.Build.0 = Release|Any CPU
		{CBA30969-FBF7-468F-AB3E-4045F36B0939}.ReleaseNet45|Any CPU.ActiveCfg = Release|Any CPU
		{CBA30969-FBF7-468F-AB3E-4045F36B0939}.ReleaseNet45|Any CPU.Build.0 = Release|Any CPU
		{CBA30969-FBF7-468F-AB3E-4045F36B0939}.ReleaseNet462|Any CPU.ActiveCfg = Release|Any CPU
		{CBA30969-FBF7-468F-AB3E-4045F36B0939}.ReleaseNet462|Any CPU.Build.0 = Release|Any CPU
		{10A7F49B-B1EE-41FE-BE88-8AB59AA3319F}.Debug|Any CPU.ActiveCfg = Debug|Any CPU
		{10A7F49B-B1EE-41FE-BE88-8AB59AA3319F}.Debug|Any CPU.Build.0 = Debug|Any CPU
		{10A7F49B-B1EE-41FE-BE88-8AB59AA3319F}.DebugNet40|Any CPU.ActiveCfg = Debug|Any CPU
		{10A7F49B-B1EE-41FE-BE88-8AB59AA3319F}.DebugNet40|Any CPU.Build.0 = Debug|Any CPU
		{10A7F49B-B1EE-41FE-BE88-8AB59AA3319F}.DebugNet45|Any CPU.ActiveCfg = Debug|Any CPU
		{10A7F49B-B1EE-41FE-BE88-8AB59AA3319F}.DebugNet45|Any CPU.Build.0 = Debug|Any CPU
		{10A7F49B-B1EE-41FE-BE88-8AB59AA3319F}.DebugNet462|Any CPU.ActiveCfg = Debug|Any CPU
		{10A7F49B-B1EE-41FE-BE88-8AB59AA3319F}.DebugNet462|Any CPU.Build.0 = Debug|Any CPU
		{10A7F49B-B1EE-41FE-BE88-8AB59AA3319F}.Release|Any CPU.ActiveCfg = Release|Any CPU
		{10A7F49B-B1EE-41FE-BE88-8AB59AA3319F}.Release|Any CPU.Build.0 = Release|Any CPU
		{10A7F49B-B1EE-41FE-BE88-8AB59AA3319F}.ReleaseNet40|Any CPU.ActiveCfg = Release|Any CPU
		{10A7F49B-B1EE-41FE-BE88-8AB59AA3319F}.ReleaseNet40|Any CPU.Build.0 = Release|Any CPU
		{10A7F49B-B1EE-41FE-BE88-8AB59AA3319F}.ReleaseNet45|Any CPU.ActiveCfg = Release|Any CPU
		{10A7F49B-B1EE-41FE-BE88-8AB59AA3319F}.ReleaseNet45|Any CPU.Build.0 = Release|Any CPU
		{10A7F49B-B1EE-41FE-BE88-8AB59AA3319F}.ReleaseNet462|Any CPU.ActiveCfg = Release|Any CPU
		{10A7F49B-B1EE-41FE-BE88-8AB59AA3319F}.ReleaseNet462|Any CPU.Build.0 = Release|Any CPU
		{D64692AA-80A4-4C31-B921-18BDEA18BB03}.Debug|Any CPU.ActiveCfg = Debug|Any CPU
		{D64692AA-80A4-4C31-B921-18BDEA18BB03}.Debug|Any CPU.Build.0 = Debug|Any CPU
		{D64692AA-80A4-4C31-B921-18BDEA18BB03}.DebugNet40|Any CPU.ActiveCfg = Debug|Any CPU
		{D64692AA-80A4-4C31-B921-18BDEA18BB03}.DebugNet40|Any CPU.Build.0 = Debug|Any CPU
		{D64692AA-80A4-4C31-B921-18BDEA18BB03}.DebugNet45|Any CPU.ActiveCfg = Debug|Any CPU
		{D64692AA-80A4-4C31-B921-18BDEA18BB03}.DebugNet45|Any CPU.Build.0 = Debug|Any CPU
		{D64692AA-80A4-4C31-B921-18BDEA18BB03}.DebugNet462|Any CPU.ActiveCfg = Debug|Any CPU
		{D64692AA-80A4-4C31-B921-18BDEA18BB03}.DebugNet462|Any CPU.Build.0 = Debug|Any CPU
		{D64692AA-80A4-4C31-B921-18BDEA18BB03}.Release|Any CPU.ActiveCfg = Release|Any CPU
		{D64692AA-80A4-4C31-B921-18BDEA18BB03}.Release|Any CPU.Build.0 = Release|Any CPU
		{D64692AA-80A4-4C31-B921-18BDEA18BB03}.ReleaseNet40|Any CPU.ActiveCfg = Release|Any CPU
		{D64692AA-80A4-4C31-B921-18BDEA18BB03}.ReleaseNet40|Any CPU.Build.0 = Release|Any CPU
		{D64692AA-80A4-4C31-B921-18BDEA18BB03}.ReleaseNet45|Any CPU.ActiveCfg = Release|Any CPU
		{D64692AA-80A4-4C31-B921-18BDEA18BB03}.ReleaseNet45|Any CPU.Build.0 = Release|Any CPU
		{D64692AA-80A4-4C31-B921-18BDEA18BB03}.ReleaseNet462|Any CPU.ActiveCfg = Release|Any CPU
		{D64692AA-80A4-4C31-B921-18BDEA18BB03}.ReleaseNet462|Any CPU.Build.0 = Release|Any CPU
		{367BF53D-1FD7-4CC8-9154-A2B2AF87871F}.Debug|Any CPU.ActiveCfg = Debug|Any CPU
		{367BF53D-1FD7-4CC8-9154-A2B2AF87871F}.Debug|Any CPU.Build.0 = Debug|Any CPU
		{367BF53D-1FD7-4CC8-9154-A2B2AF87871F}.DebugNet40|Any CPU.ActiveCfg = Debug|Any CPU
		{367BF53D-1FD7-4CC8-9154-A2B2AF87871F}.DebugNet40|Any CPU.Build.0 = Debug|Any CPU
		{367BF53D-1FD7-4CC8-9154-A2B2AF87871F}.DebugNet45|Any CPU.ActiveCfg = Debug|Any CPU
		{367BF53D-1FD7-4CC8-9154-A2B2AF87871F}.DebugNet45|Any CPU.Build.0 = Debug|Any CPU
		{367BF53D-1FD7-4CC8-9154-A2B2AF87871F}.DebugNet462|Any CPU.ActiveCfg = Debug|Any CPU
		{367BF53D-1FD7-4CC8-9154-A2B2AF87871F}.DebugNet462|Any CPU.Build.0 = Debug|Any CPU
		{367BF53D-1FD7-4CC8-9154-A2B2AF87871F}.Release|Any CPU.ActiveCfg = Release|Any CPU
		{367BF53D-1FD7-4CC8-9154-A2B2AF87871F}.Release|Any CPU.Build.0 = Release|Any CPU
		{367BF53D-1FD7-4CC8-9154-A2B2AF87871F}.ReleaseNet40|Any CPU.ActiveCfg = Release|Any CPU
		{367BF53D-1FD7-4CC8-9154-A2B2AF87871F}.ReleaseNet40|Any CPU.Build.0 = Release|Any CPU
		{367BF53D-1FD7-4CC8-9154-A2B2AF87871F}.ReleaseNet45|Any CPU.ActiveCfg = Release|Any CPU
		{367BF53D-1FD7-4CC8-9154-A2B2AF87871F}.ReleaseNet45|Any CPU.Build.0 = Release|Any CPU
		{367BF53D-1FD7-4CC8-9154-A2B2AF87871F}.ReleaseNet462|Any CPU.ActiveCfg = Release|Any CPU
		{367BF53D-1FD7-4CC8-9154-A2B2AF87871F}.ReleaseNet462|Any CPU.Build.0 = Release|Any CPU
	EndGlobalSection
	GlobalSection(SolutionProperties) = preSolution
		HideSolutionNode = FALSE
	EndGlobalSection
	GlobalSection(NestedProjects) = preSolution
		{ADD1E494-A985-4F8D-911B-E487D4B3159E} = {F2196CF4-15EE-4790-8891-277DAF6BE526}
		{FDA8C5B7-E1E0-4235-80F9-54E4C141CED7} = {F6D6A272-5D62-45E8-9681-74FEB31BEAD1}
		{140262C2-A8BE-4C8F-9A2F-B848EF396B91} = {F2196CF4-15EE-4790-8891-277DAF6BE526}
		{CBA30969-FBF7-468F-AB3E-4045F36B0939} = {F6D6A272-5D62-45E8-9681-74FEB31BEAD1}
		{10A7F49B-B1EE-41FE-BE88-8AB59AA3319F} = {F2196CF4-15EE-4790-8891-277DAF6BE526}
		{D64692AA-80A4-4C31-B921-18BDEA18BB03} = {F6D6A272-5D62-45E8-9681-74FEB31BEAD1}
		{367BF53D-1FD7-4CC8-9154-A2B2AF87871F} = {06F8EE55-908F-4FA4-81F7-E0ECE9FBA3AC}
	EndGlobalSection
	GlobalSection(CodealikeProperties) = postSolution
		SolutionGuid = 490b2a4f-22f5-46a2-93a9-b929191d1f55
	EndGlobalSection
EndGlobal
